// !$*UTF8*$!
{
	archiveVersion = 1;
	classes = {
	};
	objectVersion = 46;
	objects = {

/* Begin PBXBuildFile section */
		21DBBEE51D98259700926C2A /* AppDelegate.swift in Sources */ = {isa = PBXBuildFile; fileRef = 21DBBEE41D98259700926C2A /* AppDelegate.swift */; };
		21DBBEEA1D98259700926C2A /* Main.storyboard in Resources */ = {isa = PBXBuildFile; fileRef = 21DBBEE81D98259700926C2A /* Main.storyboard */; };
		21DBBEEC1D98259700926C2A /* Assets.xcassets in Resources */ = {isa = PBXBuildFile; fileRef = 21DBBEEB1D98259700926C2A /* Assets.xcassets */; };
		21DBBEEF1D98259700926C2A /* LaunchScreen.storyboard in Resources */ = {isa = PBXBuildFile; fileRef = 21DBBEED1D98259700926C2A /* LaunchScreen.storyboard */; };
		21DBBEFA1D98259700926C2A /* WorkoutTrackerTests.swift in Sources */ = {isa = PBXBuildFile; fileRef = 21DBBEF91D98259700926C2A /* WorkoutTrackerTests.swift */; };
		21DBBF051D98259700926C2A /* WorkoutTrackerUITests.swift in Sources */ = {isa = PBXBuildFile; fileRef = 21DBBF041D98259700926C2A /* WorkoutTrackerUITests.swift */; };
		21DBBF0A1D98259700926C2A /* WorkoutTracker WatchKit App.app in Embed Watch Content */ = {isa = PBXBuildFile; fileRef = 21DBBF091D98259700926C2A /* WorkoutTracker WatchKit App.app */; };
		21DBBF101D98259700926C2A /* Interface.storyboard in Resources */ = {isa = PBXBuildFile; fileRef = 21DBBF0E1D98259700926C2A /* Interface.storyboard */; };
		21DBBF121D98259700926C2A /* Assets.xcassets in Resources */ = {isa = PBXBuildFile; fileRef = 21DBBF111D98259700926C2A /* Assets.xcassets */; };
		21DBBF191D98259800926C2A /* WorkoutTracker WatchKit Extension.appex in Embed App Extensions */ = {isa = PBXBuildFile; fileRef = 21DBBF181D98259800926C2A /* WorkoutTracker WatchKit Extension.appex */; settings = {ATTRIBUTES = (RemoveHeadersOnCopy, ); }; };
		21DBBF201D98259800926C2A /* InterfaceController.swift in Sources */ = {isa = PBXBuildFile; fileRef = 21DBBF1F1D98259800926C2A /* InterfaceController.swift */; };
		21DBBF221D98259800926C2A /* ExtensionDelegate.swift in Sources */ = {isa = PBXBuildFile; fileRef = 21DBBF211D98259800926C2A /* ExtensionDelegate.swift */; };
		21DBBF241D98259800926C2A /* NotificationController.swift in Sources */ = {isa = PBXBuildFile; fileRef = 21DBBF231D98259800926C2A /* NotificationController.swift */; };
		21DBBF261D98259800926C2A /* ComplicationController.swift in Sources */ = {isa = PBXBuildFile; fileRef = 21DBBF251D98259800926C2A /* ComplicationController.swift */; };
		21DBBF281D98259800926C2A /* Assets.xcassets in Resources */ = {isa = PBXBuildFile; fileRef = 21DBBF271D98259800926C2A /* Assets.xcassets */; };
		21DBBF3F1D9825B200926C2A /* HealthKit.framework in Frameworks */ = {isa = PBXBuildFile; fileRef = 21DBBF3E1D9825B200926C2A /* HealthKit.framework */; };
		21DBBF441D982AD600926C2A /* CurrentWorkoutViewController.swift in Sources */ = {isa = PBXBuildFile; fileRef = 21DBBF431D982AD600926C2A /* CurrentWorkoutViewController.swift */; };
		21DBBF4A1D982B9E00926C2A /* HealthKitManager.swift in Sources */ = {isa = PBXBuildFile; fileRef = 21DBBF491D982B9E00926C2A /* HealthKitManager.swift */; };
/* End PBXBuildFile section */

/* Begin PBXContainerItemProxy section */
		21DBBEF61D98259700926C2A /* PBXContainerItemProxy */ = {
			isa = PBXContainerItemProxy;
			containerPortal = 21DBBED91D98259700926C2A /* Project object */;
			proxyType = 1;
			remoteGlobalIDString = 21DBBEE01D98259700926C2A;
			remoteInfo = WorkoutTracker;
		};
		21DBBF011D98259700926C2A /* PBXContainerItemProxy */ = {
			isa = PBXContainerItemProxy;
			containerPortal = 21DBBED91D98259700926C2A /* Project object */;
			proxyType = 1;
			remoteGlobalIDString = 21DBBEE01D98259700926C2A;
			remoteInfo = WorkoutTracker;
		};
		21DBBF0B1D98259700926C2A /* PBXContainerItemProxy */ = {
			isa = PBXContainerItemProxy;
			containerPortal = 21DBBED91D98259700926C2A /* Project object */;
			proxyType = 1;
			remoteGlobalIDString = 21DBBF081D98259700926C2A;
			remoteInfo = "WorkoutTracker WatchKit App";
		};
		21DBBF1A1D98259800926C2A /* PBXContainerItemProxy */ = {
			isa = PBXContainerItemProxy;
			containerPortal = 21DBBED91D98259700926C2A /* Project object */;
			proxyType = 1;
			remoteGlobalIDString = 21DBBF171D98259800926C2A;
			remoteInfo = "WorkoutTracker WatchKit Extension";
		};
/* End PBXContainerItemProxy section */

/* Begin PBXCopyFilesBuildPhase section */
		21DBBF2F1D98259800926C2A /* Embed App Extensions */ = {
			isa = PBXCopyFilesBuildPhase;
			buildActionMask = 2147483647;
			dstPath = "";
			dstSubfolderSpec = 13;
			files = (
				21DBBF191D98259800926C2A /* WorkoutTracker WatchKit Extension.appex in Embed App Extensions */,
			);
			name = "Embed App Extensions";
			runOnlyForDeploymentPostprocessing = 0;
		};
		21DBBF331D98259800926C2A /* Embed Watch Content */ = {
			isa = PBXCopyFilesBuildPhase;
			buildActionMask = 2147483647;
			dstPath = "$(CONTENTS_FOLDER_PATH)/Watch";
			dstSubfolderSpec = 16;
			files = (
				21DBBF0A1D98259700926C2A /* WorkoutTracker WatchKit App.app in Embed Watch Content */,
			);
			name = "Embed Watch Content";
			runOnlyForDeploymentPostprocessing = 0;
		};
/* End PBXCopyFilesBuildPhase section */

/* Begin PBXFileReference section */
		21DBBEE11D98259700926C2A /* WorkoutTracker.app */ = {isa = PBXFileReference; explicitFileType = wrapper.application; includeInIndex = 0; path = WorkoutTracker.app; sourceTree = BUILT_PRODUCTS_DIR; };
		21DBBEE41D98259700926C2A /* AppDelegate.swift */ = {isa = PBXFileReference; lastKnownFileType = sourcecode.swift; path = AppDelegate.swift; sourceTree = "<group>"; };
		21DBBEE91D98259700926C2A /* Base */ = {isa = PBXFileReference; lastKnownFileType = file.storyboard; name = Base; path = Base.lproj/Main.storyboard; sourceTree = "<group>"; };
		21DBBEEB1D98259700926C2A /* Assets.xcassets */ = {isa = PBXFileReference; lastKnownFileType = folder.assetcatalog; path = Assets.xcassets; sourceTree = "<group>"; };
		21DBBEEE1D98259700926C2A /* Base */ = {isa = PBXFileReference; lastKnownFileType = file.storyboard; name = Base; path = Base.lproj/LaunchScreen.storyboard; sourceTree = "<group>"; };
		21DBBEF01D98259700926C2A /* Info.plist */ = {isa = PBXFileReference; lastKnownFileType = text.plist.xml; path = Info.plist; sourceTree = "<group>"; };
		21DBBEF51D98259700926C2A /* WorkoutTrackerTests.xctest */ = {isa = PBXFileReference; explicitFileType = wrapper.cfbundle; includeInIndex = 0; path = WorkoutTrackerTests.xctest; sourceTree = BUILT_PRODUCTS_DIR; };
		21DBBEF91D98259700926C2A /* WorkoutTrackerTests.swift */ = {isa = PBXFileReference; lastKnownFileType = sourcecode.swift; path = WorkoutTrackerTests.swift; sourceTree = "<group>"; };
		21DBBEFB1D98259700926C2A /* Info.plist */ = {isa = PBXFileReference; lastKnownFileType = text.plist.xml; path = Info.plist; sourceTree = "<group>"; };
		21DBBF001D98259700926C2A /* WorkoutTrackerUITests.xctest */ = {isa = PBXFileReference; explicitFileType = wrapper.cfbundle; includeInIndex = 0; path = WorkoutTrackerUITests.xctest; sourceTree = BUILT_PRODUCTS_DIR; };
		21DBBF041D98259700926C2A /* WorkoutTrackerUITests.swift */ = {isa = PBXFileReference; lastKnownFileType = sourcecode.swift; path = WorkoutTrackerUITests.swift; sourceTree = "<group>"; };
		21DBBF061D98259700926C2A /* Info.plist */ = {isa = PBXFileReference; lastKnownFileType = text.plist.xml; path = Info.plist; sourceTree = "<group>"; };
		21DBBF091D98259700926C2A /* WorkoutTracker WatchKit App.app */ = {isa = PBXFileReference; explicitFileType = wrapper.application; includeInIndex = 0; path = "WorkoutTracker WatchKit App.app"; sourceTree = BUILT_PRODUCTS_DIR; };
		21DBBF0F1D98259700926C2A /* Base */ = {isa = PBXFileReference; lastKnownFileType = file.storyboard; name = Base; path = Base.lproj/Interface.storyboard; sourceTree = "<group>"; };
		21DBBF111D98259700926C2A /* Assets.xcassets */ = {isa = PBXFileReference; lastKnownFileType = folder.assetcatalog; path = Assets.xcassets; sourceTree = "<group>"; };
		21DBBF131D98259700926C2A /* Info.plist */ = {isa = PBXFileReference; lastKnownFileType = text.plist.xml; path = Info.plist; sourceTree = "<group>"; };
		21DBBF181D98259800926C2A /* WorkoutTracker WatchKit Extension.appex */ = {isa = PBXFileReference; explicitFileType = "wrapper.app-extension"; includeInIndex = 0; path = "WorkoutTracker WatchKit Extension.appex"; sourceTree = BUILT_PRODUCTS_DIR; };
		21DBBF1E1D98259800926C2A /* PushNotificationPayload.apns */ = {isa = PBXFileReference; lastKnownFileType = text; path = PushNotificationPayload.apns; sourceTree = "<group>"; };
		21DBBF1F1D98259800926C2A /* InterfaceController.swift */ = {isa = PBXFileReference; lastKnownFileType = sourcecode.swift; path = InterfaceController.swift; sourceTree = "<group>"; };
		21DBBF211D98259800926C2A /* ExtensionDelegate.swift */ = {isa = PBXFileReference; lastKnownFileType = sourcecode.swift; path = ExtensionDelegate.swift; sourceTree = "<group>"; };
		21DBBF231D98259800926C2A /* NotificationController.swift */ = {isa = PBXFileReference; lastKnownFileType = sourcecode.swift; path = NotificationController.swift; sourceTree = "<group>"; };
		21DBBF251D98259800926C2A /* ComplicationController.swift */ = {isa = PBXFileReference; lastKnownFileType = sourcecode.swift; path = ComplicationController.swift; sourceTree = "<group>"; };
		21DBBF271D98259800926C2A /* Assets.xcassets */ = {isa = PBXFileReference; lastKnownFileType = folder.assetcatalog; path = Assets.xcassets; sourceTree = "<group>"; };
		21DBBF291D98259800926C2A /* Info.plist */ = {isa = PBXFileReference; lastKnownFileType = text.plist.xml; path = Info.plist; sourceTree = "<group>"; };
		21DBBF3E1D9825B200926C2A /* HealthKit.framework */ = {isa = PBXFileReference; lastKnownFileType = wrapper.framework; name = HealthKit.framework; path = System/Library/Frameworks/HealthKit.framework; sourceTree = SDKROOT; };
		21DBBF401D9825B200926C2A /* WorkoutTracker.entitlements */ = {isa = PBXFileReference; lastKnownFileType = text.plist.entitlements; path = WorkoutTracker.entitlements; sourceTree = "<group>"; };
		21DBBF431D982AD600926C2A /* CurrentWorkoutViewController.swift */ = {isa = PBXFileReference; fileEncoding = 4; lastKnownFileType = sourcecode.swift; name = CurrentWorkoutViewController.swift; path = ViewControllers/CurrentWorkoutViewController.swift; sourceTree = "<group>"; };
		21DBBF491D982B9E00926C2A /* HealthKitManager.swift */ = {isa = PBXFileReference; fileEncoding = 4; lastKnownFileType = sourcecode.swift; name = HealthKitManager.swift; path = ModelControllers/HealthKitManager.swift; sourceTree = "<group>"; };
/* End PBXFileReference section */

/* Begin PBXFrameworksBuildPhase section */
		21DBBEDE1D98259700926C2A /* Frameworks */ = {
			isa = PBXFrameworksBuildPhase;
			buildActionMask = 2147483647;
			files = (
				21DBBF3F1D9825B200926C2A /* HealthKit.framework in Frameworks */,
			);
			runOnlyForDeploymentPostprocessing = 0;
		};
		21DBBEF21D98259700926C2A /* Frameworks */ = {
			isa = PBXFrameworksBuildPhase;
			buildActionMask = 2147483647;
			files = (
			);
			runOnlyForDeploymentPostprocessing = 0;
		};
		21DBBEFD1D98259700926C2A /* Frameworks */ = {
			isa = PBXFrameworksBuildPhase;
			buildActionMask = 2147483647;
			files = (
			);
			runOnlyForDeploymentPostprocessing = 0;
		};
		21DBBF151D98259800926C2A /* Frameworks */ = {
			isa = PBXFrameworksBuildPhase;
			buildActionMask = 2147483647;
			files = (
			);
			runOnlyForDeploymentPostprocessing = 0;
		};
/* End PBXFrameworksBuildPhase section */

/* Begin PBXGroup section */
		21DBBED81D98259700926C2A = {
			isa = PBXGroup;
			children = (
				21DBBEE31D98259700926C2A /* WorkoutTracker */,
				21DBBEF81D98259700926C2A /* WorkoutTrackerTests */,
				21DBBF031D98259700926C2A /* WorkoutTrackerUITests */,
				21DBBF0D1D98259700926C2A /* WorkoutTracker WatchKit App */,
				21DBBF1C1D98259800926C2A /* WorkoutTracker WatchKit Extension */,
				21DBBEE21D98259700926C2A /* Products */,
				21DBBF3D1D9825B200926C2A /* Frameworks */,
			);
			sourceTree = "<group>";
		};
		21DBBEE21D98259700926C2A /* Products */ = {
			isa = PBXGroup;
			children = (
				21DBBEE11D98259700926C2A /* WorkoutTracker.app */,
				21DBBEF51D98259700926C2A /* WorkoutTrackerTests.xctest */,
				21DBBF001D98259700926C2A /* WorkoutTrackerUITests.xctest */,
				21DBBF091D98259700926C2A /* WorkoutTracker WatchKit App.app */,
				21DBBF181D98259800926C2A /* WorkoutTracker WatchKit Extension.appex */,
			);
			name = Products;
			sourceTree = "<group>";
		};
		21DBBEE31D98259700926C2A /* WorkoutTracker */ = {
			isa = PBXGroup;
			children = (
				21DBBF421D982A8A00926C2A /* ModelControllers */,
				21DBBF471D982B5D00926C2A /* Resources */,
				21DBBF451D982B1B00926C2A /* Storyboards */,
				21DBBF461D982B4500926C2A /* Supporting Files */,
				21DBBF411D982A7D00926C2A /* ViewControllers */,
			);
			path = WorkoutTracker;
			sourceTree = "<group>";
		};
		21DBBEF81D98259700926C2A /* WorkoutTrackerTests */ = {
			isa = PBXGroup;
			children = (
				21DBBEF91D98259700926C2A /* WorkoutTrackerTests.swift */,
				21DBBEFB1D98259700926C2A /* Info.plist */,
			);
			path = WorkoutTrackerTests;
			sourceTree = "<group>";
		};
		21DBBF031D98259700926C2A /* WorkoutTrackerUITests */ = {
			isa = PBXGroup;
			children = (
				21DBBF041D98259700926C2A /* WorkoutTrackerUITests.swift */,
				21DBBF061D98259700926C2A /* Info.plist */,
			);
			path = WorkoutTrackerUITests;
			sourceTree = "<group>";
		};
		21DBBF0D1D98259700926C2A /* WorkoutTracker WatchKit App */ = {
			isa = PBXGroup;
			children = (
				21DBBF0E1D98259700926C2A /* Interface.storyboard */,
				21DBBF111D98259700926C2A /* Assets.xcassets */,
				21DBBF131D98259700926C2A /* Info.plist */,
			);
			path = "WorkoutTracker WatchKit App";
			sourceTree = "<group>";
		};
		21DBBF1C1D98259800926C2A /* WorkoutTracker WatchKit Extension */ = {
			isa = PBXGroup;
			children = (
				21DBBF1F1D98259800926C2A /* InterfaceController.swift */,
				21DBBF211D98259800926C2A /* ExtensionDelegate.swift */,
				21DBBF231D98259800926C2A /* NotificationController.swift */,
				21DBBF251D98259800926C2A /* ComplicationController.swift */,
				21DBBF271D98259800926C2A /* Assets.xcassets */,
				21DBBF291D98259800926C2A /* Info.plist */,
				21DBBF1D1D98259800926C2A /* Supporting Files */,
			);
			path = "WorkoutTracker WatchKit Extension";
			sourceTree = "<group>";
		};
		21DBBF1D1D98259800926C2A /* Supporting Files */ = {
			isa = PBXGroup;
			children = (
				21DBBF1E1D98259800926C2A /* PushNotificationPayload.apns */,
			);
			name = "Supporting Files";
			sourceTree = "<group>";
		};
		21DBBF3D1D9825B200926C2A /* Frameworks */ = {
			isa = PBXGroup;
			children = (
				21DBBF3E1D9825B200926C2A /* HealthKit.framework */,
			);
			name = Frameworks;
			sourceTree = "<group>";
		};
		21DBBF411D982A7D00926C2A /* ViewControllers */ = {
			isa = PBXGroup;
			children = (
				21DBBF431D982AD600926C2A /* CurrentWorkoutViewController.swift */,
			);
			name = ViewControllers;
			sourceTree = "<group>";
		};
		21DBBF421D982A8A00926C2A /* ModelControllers */ = {
			isa = PBXGroup;
			children = (
				21DBBF491D982B9E00926C2A /* HealthKitManager.swift */,
			);
			name = ModelControllers;
			sourceTree = "<group>";
		};
		21DBBF451D982B1B00926C2A /* Storyboards */ = {
			isa = PBXGroup;
			children = (
				21DBBEED1D98259700926C2A /* LaunchScreen.storyboard */,
				21DBBEE81D98259700926C2A /* Main.storyboard */,
			);
			name = Storyboards;
			sourceTree = "<group>";
		};
		21DBBF461D982B4500926C2A /* Supporting Files */ = {
			isa = PBXGroup;
			children = (
				21DBBEE41D98259700926C2A /* AppDelegate.swift */,
				21DBBEF01D98259700926C2A /* Info.plist */,
				21DBBF401D9825B200926C2A /* WorkoutTracker.entitlements */,
			);
			name = "Supporting Files";
			sourceTree = "<group>";
		};
		21DBBF471D982B5D00926C2A /* Resources */ = {
			isa = PBXGroup;
			children = (
				21DBBF481D982B6500926C2A /* Images */,
			);
			name = Resources;
			sourceTree = "<group>";
		};
		21DBBF481D982B6500926C2A /* Images */ = {
			isa = PBXGroup;
			children = (
				21DBBEEB1D98259700926C2A /* Assets.xcassets */,
			);
			name = Images;
			sourceTree = "<group>";
		};
/* End PBXGroup section */

/* Begin PBXNativeTarget section */
		21DBBEE01D98259700926C2A /* WorkoutTracker */ = {
			isa = PBXNativeTarget;
			buildConfigurationList = 21DBBF341D98259800926C2A /* Build configuration list for PBXNativeTarget "WorkoutTracker" */;
			buildPhases = (
				21DBBEDD1D98259700926C2A /* Sources */,
				21DBBEDE1D98259700926C2A /* Frameworks */,
				21DBBEDF1D98259700926C2A /* Resources */,
				21DBBF331D98259800926C2A /* Embed Watch Content */,
			);
			buildRules = (
			);
			dependencies = (
				21DBBF0C1D98259700926C2A /* PBXTargetDependency */,
			);
			name = WorkoutTracker;
			productName = WorkoutTracker;
			productReference = 21DBBEE11D98259700926C2A /* WorkoutTracker.app */;
			productType = "com.apple.product-type.application";
		};
		21DBBEF41D98259700926C2A /* WorkoutTrackerTests */ = {
			isa = PBXNativeTarget;
			buildConfigurationList = 21DBBF371D98259800926C2A /* Build configuration list for PBXNativeTarget "WorkoutTrackerTests" */;
			buildPhases = (
				21DBBEF11D98259700926C2A /* Sources */,
				21DBBEF21D98259700926C2A /* Frameworks */,
				21DBBEF31D98259700926C2A /* Resources */,
			);
			buildRules = (
			);
			dependencies = (
				21DBBEF71D98259700926C2A /* PBXTargetDependency */,
			);
			name = WorkoutTrackerTests;
			productName = WorkoutTrackerTests;
			productReference = 21DBBEF51D98259700926C2A /* WorkoutTrackerTests.xctest */;
			productType = "com.apple.product-type.bundle.unit-test";
		};
		21DBBEFF1D98259700926C2A /* WorkoutTrackerUITests */ = {
			isa = PBXNativeTarget;
			buildConfigurationList = 21DBBF3A1D98259800926C2A /* Build configuration list for PBXNativeTarget "WorkoutTrackerUITests" */;
			buildPhases = (
				21DBBEFC1D98259700926C2A /* Sources */,
				21DBBEFD1D98259700926C2A /* Frameworks */,
				21DBBEFE1D98259700926C2A /* Resources */,
			);
			buildRules = (
			);
			dependencies = (
				21DBBF021D98259700926C2A /* PBXTargetDependency */,
			);
			name = WorkoutTrackerUITests;
			productName = WorkoutTrackerUITests;
			productReference = 21DBBF001D98259700926C2A /* WorkoutTrackerUITests.xctest */;
			productType = "com.apple.product-type.bundle.ui-testing";
		};
		21DBBF081D98259700926C2A /* WorkoutTracker WatchKit App */ = {
			isa = PBXNativeTarget;
			buildConfigurationList = 21DBBF301D98259800926C2A /* Build configuration list for PBXNativeTarget "WorkoutTracker WatchKit App" */;
			buildPhases = (
				21DBBF071D98259700926C2A /* Resources */,
				21DBBF2F1D98259800926C2A /* Embed App Extensions */,
			);
			buildRules = (
			);
			dependencies = (
				21DBBF1B1D98259800926C2A /* PBXTargetDependency */,
			);
			name = "WorkoutTracker WatchKit App";
			productName = "WorkoutTracker WatchKit App";
			productReference = 21DBBF091D98259700926C2A /* WorkoutTracker WatchKit App.app */;
			productType = "com.apple.product-type.application.watchapp2";
		};
		21DBBF171D98259800926C2A /* WorkoutTracker WatchKit Extension */ = {
			isa = PBXNativeTarget;
			buildConfigurationList = 21DBBF2C1D98259800926C2A /* Build configuration list for PBXNativeTarget "WorkoutTracker WatchKit Extension" */;
			buildPhases = (
				21DBBF141D98259800926C2A /* Sources */,
				21DBBF151D98259800926C2A /* Frameworks */,
				21DBBF161D98259800926C2A /* Resources */,
			);
			buildRules = (
			);
			dependencies = (
			);
			name = "WorkoutTracker WatchKit Extension";
			productName = "WorkoutTracker WatchKit Extension";
			productReference = 21DBBF181D98259800926C2A /* WorkoutTracker WatchKit Extension.appex */;
			productType = "com.apple.product-type.watchkit2-extension";
		};
/* End PBXNativeTarget section */

/* Begin PBXProject section */
		21DBBED91D98259700926C2A /* Project object */ = {
			isa = PBXProject;
			attributes = {
				LastSwiftUpdateCheck = 0800;
				LastUpgradeCheck = 0800;
				ORGANIZATIONNAME = SarahEOlson;
				TargetAttributes = {
					21DBBEE01D98259700926C2A = {
						CreatedOnToolsVersion = 8.0;
						DevelopmentTeam = 4SR4ST5E9E;
						ProvisioningStyle = Automatic;
						SystemCapabilities = {
							com.apple.HealthKit = {
								enabled = 1;
							};
						};
					};
					21DBBEF41D98259700926C2A = {
						CreatedOnToolsVersion = 8.0;
						DevelopmentTeam = 4SR4ST5E9E;
						ProvisioningStyle = Automatic;
						TestTargetID = 21DBBEE01D98259700926C2A;
					};
					21DBBEFF1D98259700926C2A = {
						CreatedOnToolsVersion = 8.0;
						DevelopmentTeam = 4SR4ST5E9E;
						ProvisioningStyle = Automatic;
						TestTargetID = 21DBBEE01D98259700926C2A;
					};
					21DBBF081D98259700926C2A = {
						CreatedOnToolsVersion = 8.0;
						DevelopmentTeam = 4SR4ST5E9E;
						ProvisioningStyle = Automatic;
					};
					21DBBF171D98259800926C2A = {
						CreatedOnToolsVersion = 8.0;
						DevelopmentTeam = 4SR4ST5E9E;
						ProvisioningStyle = Automatic;
					};
				};
			};
			buildConfigurationList = 21DBBEDC1D98259700926C2A /* Build configuration list for PBXProject "WorkoutTracker" */;
			compatibilityVersion = "Xcode 3.2";
			developmentRegion = English;
			hasScannedForEncodings = 0;
			knownRegions = (
				en,
				Base,
			);
			mainGroup = 21DBBED81D98259700926C2A;
			productRefGroup = 21DBBEE21D98259700926C2A /* Products */;
			projectDirPath = "";
			projectRoot = "";
			targets = (
				21DBBEE01D98259700926C2A /* WorkoutTracker */,
				21DBBEF41D98259700926C2A /* WorkoutTrackerTests */,
				21DBBEFF1D98259700926C2A /* WorkoutTrackerUITests */,
				21DBBF081D98259700926C2A /* WorkoutTracker WatchKit App */,
				21DBBF171D98259800926C2A /* WorkoutTracker WatchKit Extension */,
			);
		};
/* End PBXProject section */

/* Begin PBXResourcesBuildPhase section */
		21DBBEDF1D98259700926C2A /* Resources */ = {
			isa = PBXResourcesBuildPhase;
			buildActionMask = 2147483647;
			files = (
				21DBBEEF1D98259700926C2A /* LaunchScreen.storyboard in Resources */,
				21DBBEEC1D98259700926C2A /* Assets.xcassets in Resources */,
				21DBBEEA1D98259700926C2A /* Main.storyboard in Resources */,
			);
			runOnlyForDeploymentPostprocessing = 0;
		};
		21DBBEF31D98259700926C2A /* Resources */ = {
			isa = PBXResourcesBuildPhase;
			buildActionMask = 2147483647;
			files = (
			);
			runOnlyForDeploymentPostprocessing = 0;
		};
		21DBBEFE1D98259700926C2A /* Resources */ = {
			isa = PBXResourcesBuildPhase;
			buildActionMask = 2147483647;
			files = (
			);
			runOnlyForDeploymentPostprocessing = 0;
		};
		21DBBF071D98259700926C2A /* Resources */ = {
			isa = PBXResourcesBuildPhase;
			buildActionMask = 2147483647;
			files = (
				21DBBF121D98259700926C2A /* Assets.xcassets in Resources */,
				21DBBF101D98259700926C2A /* Interface.storyboard in Resources */,
			);
			runOnlyForDeploymentPostprocessing = 0;
		};
		21DBBF161D98259800926C2A /* Resources */ = {
			isa = PBXResourcesBuildPhase;
			buildActionMask = 2147483647;
			files = (
				21DBBF281D98259800926C2A /* Assets.xcassets in Resources */,
			);
			runOnlyForDeploymentPostprocessing = 0;
		};
/* End PBXResourcesBuildPhase section */

/* Begin PBXSourcesBuildPhase section */
		21DBBEDD1D98259700926C2A /* Sources */ = {
			isa = PBXSourcesBuildPhase;
			buildActionMask = 2147483647;
			files = (
				21DBBF441D982AD600926C2A /* CurrentWorkoutViewController.swift in Sources */,
				21DBBEE51D98259700926C2A /* AppDelegate.swift in Sources */,
				21DBBF4A1D982B9E00926C2A /* HealthKitManager.swift in Sources */,
			);
			runOnlyForDeploymentPostprocessing = 0;
		};
		21DBBEF11D98259700926C2A /* Sources */ = {
			isa = PBXSourcesBuildPhase;
			buildActionMask = 2147483647;
			files = (
				21DBBEFA1D98259700926C2A /* WorkoutTrackerTests.swift in Sources */,
			);
			runOnlyForDeploymentPostprocessing = 0;
		};
		21DBBEFC1D98259700926C2A /* Sources */ = {
			isa = PBXSourcesBuildPhase;
			buildActionMask = 2147483647;
			files = (
				21DBBF051D98259700926C2A /* WorkoutTrackerUITests.swift in Sources */,
			);
			runOnlyForDeploymentPostprocessing = 0;
		};
		21DBBF141D98259800926C2A /* Sources */ = {
			isa = PBXSourcesBuildPhase;
			buildActionMask = 2147483647;
			files = (
				21DBBF241D98259800926C2A /* NotificationController.swift in Sources */,
				21DBBF261D98259800926C2A /* ComplicationController.swift in Sources */,
				21DBBF221D98259800926C2A /* ExtensionDelegate.swift in Sources */,
				21DBBF201D98259800926C2A /* InterfaceController.swift in Sources */,
			);
			runOnlyForDeploymentPostprocessing = 0;
		};
/* End PBXSourcesBuildPhase section */

/* Begin PBXTargetDependency section */
		21DBBEF71D98259700926C2A /* PBXTargetDependency */ = {
			isa = PBXTargetDependency;
			target = 21DBBEE01D98259700926C2A /* WorkoutTracker */;
			targetProxy = 21DBBEF61D98259700926C2A /* PBXContainerItemProxy */;
		};
		21DBBF021D98259700926C2A /* PBXTargetDependency */ = {
			isa = PBXTargetDependency;
			target = 21DBBEE01D98259700926C2A /* WorkoutTracker */;
			targetProxy = 21DBBF011D98259700926C2A /* PBXContainerItemProxy */;
		};
		21DBBF0C1D98259700926C2A /* PBXTargetDependency */ = {
			isa = PBXTargetDependency;
			target = 21DBBF081D98259700926C2A /* WorkoutTracker WatchKit App */;
			targetProxy = 21DBBF0B1D98259700926C2A /* PBXContainerItemProxy */;
		};
		21DBBF1B1D98259800926C2A /* PBXTargetDependency */ = {
			isa = PBXTargetDependency;
			target = 21DBBF171D98259800926C2A /* WorkoutTracker WatchKit Extension */;
			targetProxy = 21DBBF1A1D98259800926C2A /* PBXContainerItemProxy */;
		};
/* End PBXTargetDependency section */

/* Begin PBXVariantGroup section */
		21DBBEE81D98259700926C2A /* Main.storyboard */ = {
			isa = PBXVariantGroup;
			children = (
				21DBBEE91D98259700926C2A /* Base */,
			);
			name = Main.storyboard;
			sourceTree = "<group>";
		};
		21DBBEED1D98259700926C2A /* LaunchScreen.storyboard */ = {
			isa = PBXVariantGroup;
			children = (
				21DBBEEE1D98259700926C2A /* Base */,
			);
			name = LaunchScreen.storyboard;
			sourceTree = "<group>";
		};
		21DBBF0E1D98259700926C2A /* Interface.storyboard */ = {
			isa = PBXVariantGroup;
			children = (
				21DBBF0F1D98259700926C2A /* Base */,
			);
			name = Interface.storyboard;
			sourceTree = "<group>";
		};
/* End PBXVariantGroup section */

/* Begin XCBuildConfiguration section */
		21DBBF2A1D98259800926C2A /* Debug */ = {
			isa = XCBuildConfiguration;
			buildSettings = {
				ALWAYS_SEARCH_USER_PATHS = NO;
				CLANG_ANALYZER_NONNULL = YES;
				CLANG_CXX_LANGUAGE_STANDARD = "gnu++0x";
				CLANG_CXX_LIBRARY = "libc++";
				CLANG_ENABLE_MODULES = YES;
				CLANG_ENABLE_OBJC_ARC = YES;
				CLANG_WARN_BOOL_CONVERSION = YES;
				CLANG_WARN_CONSTANT_CONVERSION = YES;
				CLANG_WARN_DIRECT_OBJC_ISA_USAGE = YES_ERROR;
				CLANG_WARN_DOCUMENTATION_COMMENTS = YES;
				CLANG_WARN_EMPTY_BODY = YES;
				CLANG_WARN_ENUM_CONVERSION = YES;
				CLANG_WARN_INFINITE_RECURSION = YES;
				CLANG_WARN_INT_CONVERSION = YES;
				CLANG_WARN_OBJC_ROOT_CLASS = YES_ERROR;
				CLANG_WARN_SUSPICIOUS_MOVES = YES;
				CLANG_WARN_UNREACHABLE_CODE = YES;
				CLANG_WARN__DUPLICATE_METHOD_MATCH = YES;
				"CODE_SIGN_IDENTITY[sdk=iphoneos*]" = "iPhone Developer";
				COPY_PHASE_STRIP = NO;
				DEBUG_INFORMATION_FORMAT = dwarf;
				ENABLE_STRICT_OBJC_MSGSEND = YES;
				ENABLE_TESTABILITY = YES;
				GCC_C_LANGUAGE_STANDARD = gnu99;
				GCC_DYNAMIC_NO_PIC = NO;
				GCC_NO_COMMON_BLOCKS = YES;
				GCC_OPTIMIZATION_LEVEL = 0;
				GCC_PREPROCESSOR_DEFINITIONS = (
					"DEBUG=1",
					"$(inherited)",
				);
				GCC_WARN_64_TO_32_BIT_CONVERSION = YES;
				GCC_WARN_ABOUT_RETURN_TYPE = YES_ERROR;
				GCC_WARN_UNDECLARED_SELECTOR = YES;
				GCC_WARN_UNINITIALIZED_AUTOS = YES_AGGRESSIVE;
				GCC_WARN_UNUSED_FUNCTION = YES;
				GCC_WARN_UNUSED_VARIABLE = YES;
				IPHONEOS_DEPLOYMENT_TARGET = 10.0;
				MTL_ENABLE_DEBUG_INFO = YES;
				ONLY_ACTIVE_ARCH = YES;
				SDKROOT = iphoneos;
				SWIFT_ACTIVE_COMPILATION_CONDITIONS = DEBUG;
				SWIFT_OPTIMIZATION_LEVEL = "-Onone";
			};
			name = Debug;
		};
		21DBBF2B1D98259800926C2A /* Release */ = {
			isa = XCBuildConfiguration;
			buildSettings = {
				ALWAYS_SEARCH_USER_PATHS = NO;
				CLANG_ANALYZER_NONNULL = YES;
				CLANG_CXX_LANGUAGE_STANDARD = "gnu++0x";
				CLANG_CXX_LIBRARY = "libc++";
				CLANG_ENABLE_MODULES = YES;
				CLANG_ENABLE_OBJC_ARC = YES;
				CLANG_WARN_BOOL_CONVERSION = YES;
				CLANG_WARN_CONSTANT_CONVERSION = YES;
				CLANG_WARN_DIRECT_OBJC_ISA_USAGE = YES_ERROR;
				CLANG_WARN_DOCUMENTATION_COMMENTS = YES;
				CLANG_WARN_EMPTY_BODY = YES;
				CLANG_WARN_ENUM_CONVERSION = YES;
				CLANG_WARN_INFINITE_RECURSION = YES;
				CLANG_WARN_INT_CONVERSION = YES;
				CLANG_WARN_OBJC_ROOT_CLASS = YES_ERROR;
				CLANG_WARN_SUSPICIOUS_MOVES = YES;
				CLANG_WARN_UNREACHABLE_CODE = YES;
				CLANG_WARN__DUPLICATE_METHOD_MATCH = YES;
				"CODE_SIGN_IDENTITY[sdk=iphoneos*]" = "iPhone Developer";
				COPY_PHASE_STRIP = NO;
				DEBUG_INFORMATION_FORMAT = "dwarf-with-dsym";
				ENABLE_NS_ASSERTIONS = NO;
				ENABLE_STRICT_OBJC_MSGSEND = YES;
				GCC_C_LANGUAGE_STANDARD = gnu99;
				GCC_NO_COMMON_BLOCKS = YES;
				GCC_WARN_64_TO_32_BIT_CONVERSION = YES;
				GCC_WARN_ABOUT_RETURN_TYPE = YES_ERROR;
				GCC_WARN_UNDECLARED_SELECTOR = YES;
				GCC_WARN_UNINITIALIZED_AUTOS = YES_AGGRESSIVE;
				GCC_WARN_UNUSED_FUNCTION = YES;
				GCC_WARN_UNUSED_VARIABLE = YES;
				IPHONEOS_DEPLOYMENT_TARGET = 10.0;
				MTL_ENABLE_DEBUG_INFO = NO;
				SDKROOT = iphoneos;
				SWIFT_OPTIMIZATION_LEVEL = "-Owholemodule";
				VALIDATE_PRODUCT = YES;
			};
			name = Release;
		};
		21DBBF2D1D98259800926C2A /* Debug */ = {
			isa = XCBuildConfiguration;
			buildSettings = {
				ASSETCATALOG_COMPILER_COMPLICATION_NAME = Complication;
				DEVELOPMENT_TEAM = 4SR4ST5E9E;
				INFOPLIST_FILE = "WorkoutTracker WatchKit Extension/Info.plist";
				LD_RUNPATH_SEARCH_PATHS = "$(inherited) @executable_path/Frameworks @executable_path/../../Frameworks";
				PRODUCT_BUNDLE_IDENTIFIER = com.saraheolson.WorkoutTracker.watchkitapp.watchkitextension;
				PRODUCT_NAME = "${TARGET_NAME}";
				SDKROOT = watchos;
				SKIP_INSTALL = YES;
				SWIFT_VERSION = 3.0;
				TARGETED_DEVICE_FAMILY = 4;
				WATCHOS_DEPLOYMENT_TARGET = 3.0;
			};
			name = Debug;
		};
		21DBBF2E1D98259800926C2A /* Release */ = {
			isa = XCBuildConfiguration;
			buildSettings = {
				ASSETCATALOG_COMPILER_COMPLICATION_NAME = Complication;
				DEVELOPMENT_TEAM = 4SR4ST5E9E;
				INFOPLIST_FILE = "WorkoutTracker WatchKit Extension/Info.plist";
				LD_RUNPATH_SEARCH_PATHS = "$(inherited) @executable_path/Frameworks @executable_path/../../Frameworks";
				PRODUCT_BUNDLE_IDENTIFIER = com.saraheolson.WorkoutTracker.watchkitapp.watchkitextension;
				PRODUCT_NAME = "${TARGET_NAME}";
				SDKROOT = watchos;
				SKIP_INSTALL = YES;
				SWIFT_VERSION = 3.0;
				TARGETED_DEVICE_FAMILY = 4;
				WATCHOS_DEPLOYMENT_TARGET = 3.0;
			};
			name = Release;
		};
		21DBBF311D98259800926C2A /* Debug */ = {
			isa = XCBuildConfiguration;
			buildSettings = {
				ALWAYS_EMBED_SWIFT_STANDARD_LIBRARIES = YES;
				ASSETCATALOG_COMPILER_APPICON_NAME = AppIcon;
				DEVELOPMENT_TEAM = 4SR4ST5E9E;
				IBSC_MODULE = WorkoutTracker_WatchKit_Extension;
				INFOPLIST_FILE = "WorkoutTracker WatchKit App/Info.plist";
				PRODUCT_BUNDLE_IDENTIFIER = com.saraheolson.WorkoutTracker.watchkitapp;
				PRODUCT_NAME = "$(TARGET_NAME)";
				SDKROOT = watchos;
				SKIP_INSTALL = YES;
				SWIFT_VERSION = 3.0;
				TARGETED_DEVICE_FAMILY = 4;
				WATCHOS_DEPLOYMENT_TARGET = 3.0;
			};
			name = Debug;
		};
		21DBBF321D98259800926C2A /* Release */ = {
			isa = XCBuildConfiguration;
			buildSettings = {
				ALWAYS_EMBED_SWIFT_STANDARD_LIBRARIES = YES;
				ASSETCATALOG_COMPILER_APPICON_NAME = AppIcon;
				DEVELOPMENT_TEAM = 4SR4ST5E9E;
				IBSC_MODULE = WorkoutTracker_WatchKit_Extension;
				INFOPLIST_FILE = "WorkoutTracker WatchKit App/Info.plist";
				PRODUCT_BUNDLE_IDENTIFIER = com.saraheolson.WorkoutTracker.watchkitapp;
				PRODUCT_NAME = "$(TARGET_NAME)";
				SDKROOT = watchos;
				SKIP_INSTALL = YES;
				SWIFT_VERSION = 3.0;
				TARGETED_DEVICE_FAMILY = 4;
				WATCHOS_DEPLOYMENT_TARGET = 3.0;
			};
			name = Release;
		};
		21DBBF351D98259800926C2A /* Debug */ = {
			isa = XCBuildConfiguration;
			buildSettings = {
				ASSETCATALOG_COMPILER_APPICON_NAME = AppIcon;
				CODE_SIGN_ENTITLEMENTS = WorkoutTracker/WorkoutTracker.entitlements;
				DEVELOPMENT_TEAM = 4SR4ST5E9E;
				INFOPLIST_FILE = WorkoutTracker/Info.plist;
				LD_RUNPATH_SEARCH_PATHS = "$(inherited) @executable_path/Frameworks";
				PRODUCT_BUNDLE_IDENTIFIER = com.saraheolson.WorkoutTracker;
				PRODUCT_NAME = "$(TARGET_NAME)";
				SWIFT_VERSION = 3.0;
			};
			name = Debug;
		};
		21DBBF361D98259800926C2A /* Release */ = {
			isa = XCBuildConfiguration;
			buildSettings = {
				ASSETCATALOG_COMPILER_APPICON_NAME = AppIcon;
				CODE_SIGN_ENTITLEMENTS = WorkoutTracker/WorkoutTracker.entitlements;
				DEVELOPMENT_TEAM = 4SR4ST5E9E;
				INFOPLIST_FILE = WorkoutTracker/Info.plist;
				LD_RUNPATH_SEARCH_PATHS = "$(inherited) @executable_path/Frameworks";
				PRODUCT_BUNDLE_IDENTIFIER = com.saraheolson.WorkoutTracker;
				PRODUCT_NAME = "$(TARGET_NAME)";
				SWIFT_VERSION = 3.0;
			};
			name = Release;
		};
		21DBBF381D98259800926C2A /* Debug */ = {
			isa = XCBuildConfiguration;
			buildSettings = {
				ALWAYS_EMBED_SWIFT_STANDARD_LIBRARIES = YES;
				BUNDLE_LOADER = "$(TEST_HOST)";
				DEVELOPMENT_TEAM = 4SR4ST5E9E;
				INFOPLIST_FILE = WorkoutTrackerTests/Info.plist;
				LD_RUNPATH_SEARCH_PATHS = "$(inherited) @executable_path/Frameworks @loader_path/Frameworks";
				PRODUCT_BUNDLE_IDENTIFIER = com.saraheolson.WorkoutTrackerTests;
				PRODUCT_NAME = "$(TARGET_NAME)";
				SWIFT_VERSION = 3.0;
				TEST_HOST = "$(BUILT_PRODUCTS_DIR)/WorkoutTracker.app/WorkoutTracker";
			};
			name = Debug;
		};
		21DBBF391D98259800926C2A /* Release */ = {
			isa = XCBuildConfiguration;
			buildSettings = {
				ALWAYS_EMBED_SWIFT_STANDARD_LIBRARIES = YES;
				BUNDLE_LOADER = "$(TEST_HOST)";
				DEVELOPMENT_TEAM = 4SR4ST5E9E;
				INFOPLIST_FILE = WorkoutTrackerTests/Info.plist;
				LD_RUNPATH_SEARCH_PATHS = "$(inherited) @executable_path/Frameworks @loader_path/Frameworks";
				PRODUCT_BUNDLE_IDENTIFIER = com.saraheolson.WorkoutTrackerTests;
				PRODUCT_NAME = "$(TARGET_NAME)";
				SWIFT_VERSION = 3.0;
				TEST_HOST = "$(BUILT_PRODUCTS_DIR)/WorkoutTracker.app/WorkoutTracker";
			};
			name = Release;
		};
		21DBBF3B1D98259800926C2A /* Debug */ = {
			isa = XCBuildConfiguration;
			buildSettings = {
				ALWAYS_EMBED_SWIFT_STANDARD_LIBRARIES = YES;
				DEVELOPMENT_TEAM = 4SR4ST5E9E;
				INFOPLIST_FILE = WorkoutTrackerUITests/Info.plist;
				LD_RUNPATH_SEARCH_PATHS = "$(inherited) @executable_path/Frameworks @loader_path/Frameworks";
				PRODUCT_BUNDLE_IDENTIFIER = com.saraheolson.WorkoutTrackerUITests;
				PRODUCT_NAME = "$(TARGET_NAME)";
				SWIFT_VERSION = 3.0;
				TEST_TARGET_NAME = WorkoutTracker;
			};
			name = Debug;
		};
		21DBBF3C1D98259800926C2A /* Release */ = {
			isa = XCBuildConfiguration;
			buildSettings = {
				ALWAYS_EMBED_SWIFT_STANDARD_LIBRARIES = YES;
				DEVELOPMENT_TEAM = 4SR4ST5E9E;
				INFOPLIST_FILE = WorkoutTrackerUITests/Info.plist;
				LD_RUNPATH_SEARCH_PATHS = "$(inherited) @executable_path/Frameworks @loader_path/Frameworks";
				PRODUCT_BUNDLE_IDENTIFIER = com.saraheolson.WorkoutTrackerUITests;
				PRODUCT_NAME = "$(TARGET_NAME)";
				SWIFT_VERSION = 3.0;
				TEST_TARGET_NAME = WorkoutTracker;
			};
			name = Release;
		};
/* End XCBuildConfiguration section */

/* Begin XCConfigurationList section */
		21DBBEDC1D98259700926C2A /* Build configuration list for PBXProject "WorkoutTracker" */ = {
			isa = XCConfigurationList;
			buildConfigurations = (
				21DBBF2A1D98259800926C2A /* Debug */,
				21DBBF2B1D98259800926C2A /* Release */,
			);
			defaultConfigurationIsVisible = 0;
			defaultConfigurationName = Release;
		};
		21DBBF2C1D98259800926C2A /* Build configuration list for PBXNativeTarget "WorkoutTracker WatchKit Extension" */ = {
			isa = XCConfigurationList;
			buildConfigurations = (
				21DBBF2D1D98259800926C2A /* Debug */,
				21DBBF2E1D98259800926C2A /* Release */,
			);
			defaultConfigurationIsVisible = 0;
			defaultConfigurationName = Release;
		};
		21DBBF301D98259800926C2A /* Build configuration list for PBXNativeTarget "WorkoutTracker WatchKit App" */ = {
			isa = XCConfigurationList;
			buildConfigurations = (
				21DBBF311D98259800926C2A /* Debug */,
				21DBBF321D98259800926C2A /* Release */,
			);
			defaultConfigurationIsVisible = 0;
			defaultConfigurationName = Release;
		};
		21DBBF341D98259800926C2A /* Build configuration list for PBXNativeTarget "WorkoutTracker" */ = {
			isa = XCConfigurationList;
			buildConfigurations = (
				21DBBF351D98259800926C2A /* Debug */,
				21DBBF361D98259800926C2A /* Release */,
			);
			defaultConfigurationIsVisible = 0;
			defaultConfigurationName = Release;
		};
		21DBBF371D98259800926C2A /* Build configuration list for PBXNativeTarget "WorkoutTrackerTests" */ = {
			isa = XCConfigurationList;
			buildConfigurations = (
				21DBBF381D98259800926C2A /* Debug */,
				21DBBF391D98259800926C2A /* Release */,
			);
			defaultConfigurationIsVisible = 0;
			defaultConfigurationName = Release;
		};
		21DBBF3A1D98259800926C2A /* Build configuration list for PBXNativeTarget "WorkoutTrackerUITests" */ = {
			isa = XCConfigurationList;
			buildConfigurations = (
				21DBBF3B1D98259800926C2A /* Debug */,
				21DBBF3C1D98259800926C2A /* Release */,
			);
			defaultConfigurationIsVisible = 0;
			defaultConfigurationName = Release;
		};
/* End XCConfigurationList section */
	};
	rootObject = 21DBBED91D98259700926C2A /* Project object */;
}
